
Microsoft Visual Studio Solution File, Format Version 12.00
# Visual Studio Version 17
VisualStudioVersion = 17.14.37012.4 d17.14
MinimumVisualStudioVersion = 10.0.40219.1
Project("{FAE04EC0-301F-11D3-BF4B-00C04F79EFBC}") = "FolderInfo", "FolderInfo.csproj", "{43AC0CA4-741C-9511-C595-6FBBF86BD0C2}"
EndProject
Global
	GlobalSection(SolutionConfigurationPlatforms) = preSolution
		Debug|Any CPU = Debug|Any CPU
		Release|Any CPU = Release|Any CPU
	EndGlobalSection
	GlobalSection(ProjectConfigurationPlatforms) = postSolution
		{43AC0CA4-741C-9511-C595-6FBBF86BD0C2}.Debug|Any CPU.ActiveCfg = Debug|Any CPU
		{43AC0CA4-741C-9511-C595-6FBBF86BD0C2}.Debug|Any CPU.Build.0 = Debug|Any CPU
		{43AC0CA4-741C-9511-C595-6FBBF86BD0C2}.Release|Any CPU.ActiveCfg = Release|Any CPU
		{43AC0CA4-741C-9511-C595-6FBBF86BD0C2}.Release|Any CPU.Build.0 = Release|Any CPU
	EndGlobalSection
	GlobalSection(SolutionProperties) = preSolution
		HideSolutionNode = FALSE
	EndGlobalSection
	GlobalSection(ExtensibilityGlobals) = postSolution
		SolutionGuid = {53957826-FBFF-463E-9F53-5A560B5E40A4}
	EndGlobalSection
EndGlobal
